Microsoft Visual Studio Solution File, Format Version 11.00
# Visual Studio 2008

Project("{F1B2CDD1-20D2-6943-F5CE-90518F6C4CAC}") = "keyboard2", "Assembly-CSharp-vs.csproj", "{30CC0E4B-0B3C-B382-860A-225A897C10BA}"
EndProject
Project("{F1B2CDD1-20D2-6943-F5CE-90518F6C4CAC}") = "keyboard2", "Assembly-CSharp-Editor-vs.csproj", "{FBF19E8C-1465-D118-50C5-89E611E81E42}"
EndProject
Global
	GlobalSection(SolutionConfigurationPlatforms) = preSolution
		Debug|Any CPU = Debug|Any CPU
		Release|Any CPU = Release|Any CPU
	EndGlobalSection
	GlobalSection(ProjectConfigurationPlatforms) = postSolution
		{30CC0E4B-0B3C-B382-860A-225A897C10BA}.Debug|Any CPU.ActiveCfg = Debug|Any CPU
		{30CC0E4B-0B3C-B382-860A-225A897C10BA}.Debug|Any CPU.Build.0 = Debug|Any CPU
		{30CC0E4B-0B3C-B382-860A-225A897C10BA}.Release|Any CPU.ActiveCfg = Release|Any CPU
		{30CC0E4B-0B3C-B382-860A-225A897C10BA}.Release|Any CPU.Build.0 = Release|Any CPU
		{FBF19E8C-1465-D118-50C5-89E611E81E42}.Debug|Any CPU.ActiveCfg = Debug|Any CPU
		{FBF19E8C-1465-D118-50C5-89E611E81E42}.Debug|Any CPU.Build.0 = Debug|Any CPU
		{FBF19E8C-1465-D118-50C5-89E611E81E42}.Release|Any CPU.ActiveCfg = Release|Any CPU
		{FBF19E8C-1465-D118-50C5-89E611E81E42}.Release|Any CPU.Build.0 = Release|Any CPU
	EndGlobalSection
	GlobalSection(SolutionProperties) = preSolution
		HideSolutionNode = FALSE
	EndGlobalSection
											GlobalSection(MonoDevelopProperties) = preSolution
		StartupItem = Assembly-CSharp.csproj
		Policies = $0
		$0.TextStylePolicy = $1
		$1.inheritsSet = null
		$1.scope = text/x-csharp
		$0.CSharpFormattingPolicy = $2
		$2.inheritsSet = Mono
		$2.inheritsScope = text/x-csharp
		$2.scope = text/x-csharp
		$0.TextStylePolicy = $3
		$3.FileWidth = 120
		$3.TabWidth = 4
		$3.EolMarker = Unix
		$3.inheritsSet = Mono
		$3.inheritsScope = text/plain
		$3.scope = text/plain
	EndGlobalSection

EndGlobal
